Microsoft Visual Studio Solution File, Format Version 11.00
# Visual Studio 2008

Project("{280561E4-BB8D-2C06-6CC3-92A5624B97BE}") = "Level Design Shiznit", "Assembly-CSharp.csproj", "{778F1D5E-0C29-A9CD-79E1-1E580E786E02}"
EndProject
Global
	GlobalSection(SolutionConfigurationPlatforms) = preSolution
		Debug|Any CPU = Debug|Any CPU
		Release|Any CPU = Release|Any CPU
	EndGlobalSection
	GlobalSection(ProjectConfigurationPlatforms) = postSolution
		{778F1D5E-0C29-A9CD-79E1-1E580E786E02}.Debug|Any CPU.ActiveCfg = Debug|Any CPU
		{778F1D5E-0C29-A9CD-79E1-1E580E786E02}.Debug|Any CPU.Build.0 = Debug|Any CPU
		{778F1D5E-0C29-A9CD-79E1-1E580E786E02}.Release|Any CPU.ActiveCfg = Release|Any CPU
		{778F1D5E-0C29-A9CD-79E1-1E580E786E02}.Release|Any CPU.Build.0 = Release|Any CPU
	EndGlobalSection
	GlobalSection(SolutionProperties) = preSolution
		HideSolutionNode = FALSE
	EndGlobalSection
	GlobalSection(MonoDevelopProperties) = preSolution
		StartupItem = Assembly-CSharp.csproj
	EndGlobalSection
EndGlobal
